// !$*UTF8*$!
{
	archiveVersion = 1;
	classes = {
	};
	objectVersion = 56;
	objects = {

/* Begin PBXBuildFile section */
		C12F3B552B29F64000C9DFA8 /* OrangeViewController.swift in Sources */ = {isa = PBXBuildFile; fileRef = C12F3B542B29F64000C9DFA8 /* OrangeViewController.swift */; };
		C12F3B572B29F6C000C9DFA8 /* YellowViewController.swift in Sources */ = {isa = PBXBuildFile; fileRef = C12F3B562B29F6C000C9DFA8 /* YellowViewController.swift */; };
		C12F3B592B29F6CD00C9DFA8 /* GreenViewController.swift in Sources */ = {isa = PBXBuildFile; fileRef = C12F3B582B29F6CD00C9DFA8 /* GreenViewController.swift */; };
		C12F3B5B2B29F6D200C9DFA8 /* BlueViewController.swift in Sources */ = {isa = PBXBuildFile; fileRef = C12F3B5A2B29F6D200C9DFA8 /* BlueViewController.swift */; };
		C12F3B5D2B29F6D700C9DFA8 /* PurpleViewController.swift in Sources */ = {isa = PBXBuildFile; fileRef = C12F3B5C2B29F6D700C9DFA8 /* PurpleViewController.swift */; };
		C153D5132B27693100E1A923 /* AppDelegate.swift in Sources */ = {isa = PBXBuildFile; fileRef = C153D5122B27693100E1A923 /* AppDelegate.swift */; };
		C153D5152B27693100E1A923 /* SceneDelegate.swift in Sources */ = {isa = PBXBuildFile; fileRef = C153D5142B27693100E1A923 /* SceneDelegate.swift */; };
		C153D5172B27693100E1A923 /* RedViewController.swift in Sources */ = {isa = PBXBuildFile; fileRef = C153D5162B27693100E1A923 /* RedViewController.swift */; };
		C153D51A2B27693100E1A923 /* Main.storyboard in Resources */ = {isa = PBXBuildFile; fileRef = C153D5182B27693100E1A923 /* Main.storyboard */; };
		C153D51C2B27693200E1A923 /* Assets.xcassets in Resources */ = {isa = PBXBuildFile; fileRef = C153D51B2B27693200E1A923 /* Assets.xcassets */; };
		C153D51F2B27693200E1A923 /* LaunchScreen.storyboard in Resources */ = {isa = PBXBuildFile; fileRef = C153D51D2B27693200E1A923 /* LaunchScreen.storyboard */; };
/* End PBXBuildFile section */

/* Begin PBXFileReference section */
		C12F3B542B29F64000C9DFA8 /* OrangeViewController.swift */ = {isa = PBXFileReference; lastKnownFileType = sourcecode.swift; path = OrangeViewController.swift; sourceTree = "<group>"; };
		C12F3B562B29F6C000C9DFA8 /* YellowViewController.swift */ = {isa = PBXFileReference; lastKnownFileType = sourcecode.swift; path = YellowViewController.swift; sourceTree = "<group>"; };
		C12F3B582B29F6CD00C9DFA8 /* GreenViewController.swift */ = {isa = PBXFileReference; lastKnownFileType = sourcecode.swift; path = GreenViewController.swift; sourceTree = "<group>"; };
		C12F3B5A2B29F6D200C9DFA8 /* BlueViewController.swift */ = {isa = PBXFileReference; lastKnownFileType = sourcecode.swift; path = BlueViewController.swift; sourceTree = "<group>"; };
		C12F3B5C2B29F6D700C9DFA8 /* PurpleViewController.swift */ = {isa = PBXFileReference; lastKnownFileType = sourcecode.swift; path = PurpleViewController.swift; sourceTree = "<group>"; };
		C153D50F2B27693100E1A923 /* Tab Bar Example.app */ = {isa = PBXFileReference; explicitFileType = wrapper.application; includeInIndex = 0; path = "Tab Bar Example.app"; sourceTree = BUILT_PRODUCTS_DIR; };
		C153D5122B27693100E1A923 /* AppDelegate.swift */ = {isa = PBXFileReference; lastKnownFileType = sourcecode.swift; path = AppDelegate.swift; sourceTree = "<group>"; };
		C153D5142B27693100E1A923 /* SceneDelegate.swift */ = {isa = PBXFileReference; lastKnownFileType = sourcecode.swift; path = SceneDelegate.swift; sourceTree = "<group>"; };
		C153D5162B27693100E1A923 /* RedViewController.swift */ = {isa = PBXFileReference; lastKnownFileType = sourcecode.swift; path = RedViewController.swift; sourceTree = "<group>"; };
		C153D5192B27693100E1A923 /* Base */ = {isa = PBXFileReference; lastKnownFileType = file.storyboard; name = Base; path = Base.lproj/Main.storyboard; sourceTree = "<group>"; };
		C153D51B2B27693200E1A923 /* Assets.xcassets */ = {isa = PBXFileReference; lastKnownFileType = folder.assetcatalog; path = Assets.xcassets; sourceTree = "<group>"; };
		C153D51E2B27693200E1A923 /* Base */ = {isa = PBXFileReference; lastKnownFileType = file.storyboard; name = Base; path = Base.lproj/LaunchScreen.storyboard; sourceTree = "<group>"; };
		C153D5202B27693200E1A923 /* Info.plist */ = {isa = PBXFileReference; lastKnownFileType = text.plist.xml; path = Info.plist; sourceTree = "<group>"; };
/* End PBXFileReference section */

/* Begin PBXFrameworksBuildPhase section */
		C153D50C2B27693100E1A923 /* Frameworks */ = {
			isa = PBXFrameworksBuildPhase;
			buildActionMask = 2147483647;
			files = (
			);
			runOnlyForDeploymentPostprocessing = 0;
		};
/* End PBXFrameworksBuildPhase section */

/* Begin PBXGroup section */
		C153D5062B27693100E1A923 = {
			isa = PBXGroup;
			children = (
				C153D5112B27693100E1A923 /* Tab Bar Example */,
				C153D5102B27693100E1A923 /* Products */,
			);
			sourceTree = "<group>";
		};
		C153D5102B27693100E1A923 /* Products */ = {
			isa = PBXGroup;
			children = (
				C153D50F2B27693100E1A923 /* Tab Bar Example.app */,
			);
			name = Products;
			sourceTree = "<group>";
		};
		C153D5112B27693100E1A923 /* Tab Bar Example */ = {
			isa = PBXGroup;
			children = (
				C153D5122B27693100E1A923 /* AppDelegate.swift */,
				C153D5142B27693100E1A923 /* SceneDelegate.swift */,
				C153D5162B27693100E1A923 /* RedViewController.swift */,
				C153D5182B27693100E1A923 /* Main.storyboard */,
				C12F3B562B29F6C000C9DFA8 /* YellowViewController.swift */,
				C12F3B582B29F6CD00C9DFA8 /* GreenViewController.swift */,
				C12F3B5A2B29F6D200C9DFA8 /* BlueViewController.swift */,
				C12F3B5C2B29F6D700C9DFA8 /* PurpleViewController.swift */,
				C12F3B542B29F64000C9DFA8 /* OrangeViewController.swift */,
				C153D51B2B27693200E1A923 /* Assets.xcassets */,
				C153D51D2B27693200E1A923 /* LaunchScreen.storyboard */,
				C153D5202B27693200E1A923 /* Info.plist */,
			);
			path = "Tab Bar Example";
			sourceTree = "<group>";
		};
/* End PBXGroup section */

/* Begin PBXNativeTarget section */
		C153D50E2B27693100E1A923 /* Tab Bar Example */ = {
			isa = PBXNativeTarget;
			buildConfigurationList = C153D5232B27693200E1A923 /* Build configuration list for PBXNativeTarget "Tab Bar Example" */;
			buildPhases = (
				C153D50B2B27693100E1A923 /* Sources */,
				C153D50C2B27693100E1A923 /* Frameworks */,
				C153D50D2B27693100E1A923 /* Resources */,
			);
			buildRules = (
			);
			dependencies = (
			);
			name = "Tab Bar Example";
			productName = "Tab Bar Example";
			productReference = C153D50F2B27693100E1A923 /* Tab Bar Example.app */;
			productType = "com.apple.product-type.application";
		};
/* End PBXNativeTarget section */

/* Begin PBXProject section */
		C153D5072B27693100E1A923 /* Project object */ = {
			isa = PBXProject;
			attributes = {
				BuildIndependentTargetsInParallel = 1;
				LastSwiftUpdateCheck = 1500;
				LastUpgradeCheck = 1500;
				TargetAttributes = {
					C153D50E2B27693100E1A923 = {
						CreatedOnToolsVersion = 15.0.1;
					};
				};
			};
			buildConfigurationList = C153D50A2B27693100E1A923 /* Build configuration list for PBXProject "Tab Bar Example" */;
			compatibilityVersion = "Xcode 14.0";
			developmentRegion = en;
			hasScannedForEncodings = 0;
			knownRegions = (
				en,
				Base,
			);
			mainGroup = C153D5062B27693100E1A923;
			productRefGroup = C153D5102B27693100E1A923 /* Products */;
			projectDirPath = "";
			projectRoot = "";
			targets = (
				C153D50E2B27693100E1A923 /* Tab Bar Example */,
			);
		};
/* End PBXProject section */

/* Begin PBXResourcesBuildPhase section */
		C153D50D2B27693100E1A923 /* Resources */ = {
			isa = PBXResourcesBuildPhase;
			buildActionMask = 2147483647;
			files = (
				C153D51F2B27693200E1A923 /* LaunchScreen.storyboard in Resources */,
				C153D51C2B27693200E1A923 /* Assets.xcassets in Resources */,
				C153D51A2B27693100E1A923 /* Main.storyboard in Resources */,
			);
			runOnlyForDeploymentPostprocessing = 0;
		};
/* End PBXResourcesBuildPhase section */

/* Begin PBXSourcesBuildPhase section */
		C153D50B2B27693100E1A923 /* Sources */ = {
			isa = PBXSourcesBuildPhase;
			buildActionMask = 2147483647;
			files = (
				C12F3B592B29F6CD00C9DFA8 /* GreenViewController.swift in Sources */,
				C12F3B552B29F64000C9DFA8 /* OrangeViewController.swift in Sources */,
				C153D5172B27693100E1A923 /* RedViewController.swift in Sources */,
				C153D5132B27693100E1A923 /* AppDelegate.swift in Sources */,
				C12F3B5D2B29F6D700C9DFA8 /* PurpleViewController.swift in Sources */,
				C153D5152B27693100E1A923 /* SceneDelegate.swift in Sources */,
				C12F3B572B29F6C000C9DFA8 /* YellowViewController.swift in Sources */,
				C12F3B5B2B29F6D200C9DFA8 /* BlueViewController.swift in Sources */,
			);
			runOnlyForDeploymentPostprocessing = 0;
		};
/* End PBXSourcesBuildPhase section */

/* Begin PBXVariantGroup section */
		C153D5182B27693100E1A923 /* Main.storyboard */ = {
			isa = PBXVariantGroup;
			children = (
				C153D5192B27693100E1A923 /* Base */,
			);
			name = Main.storyboard;
			sourceTree = "<group>";
		};
		C153D51D2B27693200E1A923 /* LaunchScreen.storyboard */ = {
			isa = PBXVariantGroup;
			children = (
				C153D51E2B27693200E1A923 /* Base */,
			);
			name = LaunchScreen.storyboard;
			sourceTree = "<group>";
		};
/* End PBXVariantGroup section */

/* Begin XCBuildConfiguration section */
		C153D5212B27693200E1A923 /* Debug */ = {
			isa = XCBuildConfiguration;
			buildSettings = {
				ALWAYS_SEARCH_USER_PATHS = NO;
				ASSETCATALOG_COMPILER_GENERATE_SWIFT_ASSET_SYMBOL_EXTENSIONS = YES;
				CLANG_ANALYZER_NONNULL = YES;
				CLANG_ANALYZER_NUMBER_OBJECT_CONVERSION = YES_AGGRESSIVE;
				CLANG_CXX_LANGUAGE_STANDARD = "gnu++20";
				CLANG_ENABLE_MODULES = YES;
				CLANG_ENABLE_OBJC_ARC = YES;
				CLANG_ENABLE_OBJC_WEAK = YES;
				CLANG_WARN_BLOCK_CAPTURE_AUTORELEASING = YES;
				CLANG_WARN_BOOL_CONVERSION = YES;
				CLANG_WARN_COMMA = YES;
				CLANG_WARN_CONSTANT_CONVERSION = YES;
				CLANG_WARN_DEPRECATED_OBJC_IMPLEMENTATIONS = YES;
				CLANG_WARN_DIRECT_OBJC_ISA_USAGE = YES_ERROR;
				CLANG_WARN_DOCUMENTATION_COMMENTS = YES;
				CLANG_WARN_EMPTY_BODY = YES;
				CLANG_WARN_ENUM_CONVERSION = YES;
				CLANG_WARN_INFINITE_RECURSION = YES;
				CLANG_WARN_INT_CONVERSION = YES;
				CLANG_WARN_NON_LITERAL_NULL_CONVERSION = YES;
				CLANG_WARN_OBJC_IMPLICIT_RETAIN_SELF = YES;
				CLANG_WARN_OBJC_LITERAL_CONVERSION = YES;
				CLANG_WARN_OBJC_ROOT_CLASS = YES_ERROR;
				CLANG_WARN_QUOTED_INCLUDE_IN_FRAMEWORK_HEADER = YES;
				CLANG_WARN_RANGE_LOOP_ANALYSIS = YES;
				CLANG_WARN_STRICT_PROTOTYPES = YES;
				CLANG_WARN_SUSPICIOUS_MOVE = YES;
				CLANG_WARN_UNGUARDED_AVAILABILITY = YES_AGGRESSIVE;
				CLANG_WARN_UNREACHABLE_CODE = YES;
				CLANG_WARN__DUPLICATE_METHOD_MATCH = YES;
				COPY_PHASE_STRIP = NO;
				DEBUG_INFORMATION_FORMAT = dwarf;
				ENABLE_STRICT_OBJC_MSGSEND = YES;
				ENABLE_TESTABILITY = YES;
				ENABLE_USER_SCRIPT_SANDBOXING = YES;
				GCC_C_LANGUAGE_STANDARD = gnu17;
				GCC_DYNAMIC_NO_PIC = NO;
				GCC_NO_COMMON_BLOCKS = YES;
				GCC_OPTIMIZATION_LEVEL = 0;
				GCC_PREPROCESSOR_DEFINITIONS = (
					"DEBUG=1",
					"$(inherited)",
				);
				GCC_WARN_64_TO_32_BIT_CONVERSION = YES;
				GCC_WARN_ABOUT_RETURN_TYPE = YES_ERROR;
				GCC_WARN_UNDECLARED_SELECTOR = YES;
				GCC_WARN_UNINITIALIZED_AUTOS = YES_AGGRESSIVE;
				GCC_WARN_UNUSED_FUNCTION = YES;
				GCC_WARN_UNUSED_VARIABLE = YES;
				IPHONEOS_DEPLOYMENT_TARGET = 17.0;
				LOCALIZATION_PREFERS_STRING_CATALOGS = YES;
				MTL_ENABLE_DEBUG_INFO = INCLUDE_SOURCE;
				MTL_FAST_MATH = YES;
				ONLY_ACTIVE_ARCH = YES;
				SDKROOT = iphoneos;
				SWIFT_ACTIVE_COMPILATION_CONDITIONS = "DEBUG $(inherited)";
				SWIFT_OPTIMIZATION_LEVEL = "-Onone";
			};
			name = Debug;
		};
		C153D5222B27693200E1A923 /* Release */ = {
			isa = XCBuildConfiguration;
			buildSettings = {
				ALWAYS_SEARCH_USER_PATHS = NO;
				ASSETCATALOG_COMPILER_GENERATE_SWIFT_ASSET_SYMBOL_EXTENSIONS = YES;
				CLANG_ANALYZER_NONNULL = YES;
				CLANG_ANALYZER_NUMBER_OBJECT_CONVERSION = YES_AGGRESSIVE;
				CLANG_CXX_LANGUAGE_STANDARD = "gnu++20";
				CLANG_ENABLE_MODULES = YES;
				CLANG_ENABLE_OBJC_ARC = YES;
				CLANG_ENABLE_OBJC_WEAK = YES;
				CLANG_WARN_BLOCK_CAPTURE_AUTORELEASING = YES;
				CLANG_WARN_BOOL_CONVERSION = YES;
				CLANG_WARN_COMMA = YES;
				CLANG_WARN_CONSTANT_CONVERSION = YES;
				CLANG_WARN_DEPRECATED_OBJC_IMPLEMENTATIONS = YES;
				CLANG_WARN_DIRECT_OBJC_ISA_USAGE = YES_ERROR;
				CLANG_WARN_DOCUMENTATION_COMMENTS = YES;
				CLANG_WARN_EMPTY_BODY = YES;
				CLANG_WARN_ENUM_CONVERSION = YES;
				CLANG_WARN_INFINITE_RECURSION = YES;
				CLANG_WARN_INT_CONVERSION = YES;
				CLANG_WARN_NON_LITERAL_NULL_CONVERSION = YES;
				CLANG_WARN_OBJC_IMPLICIT_RETAIN_SELF = YES;
				CLANG_WARN_OBJC_LITERAL_CONVERSION = YES;
				CLANG_WARN_OBJC_ROOT_CLASS = YES_ERROR;
				CLANG_WARN_QUOTED_INCLUDE_IN_FRAMEWORK_HEADER = YES;
				CLANG_WARN_RANGE_LOOP_ANALYSIS = YES;
				CLANG_WARN_STRICT_PROTOTYPES = YES;
				CLANG_WARN_SUSPICIOUS_MOVE = YES;
				CLANG_WARN_UNGUARDED_AVAILABILITY = YES_AGGRESSIVE;
				CLANG_WARN_UNREACHABLE_CODE = YES;
				CLANG_WARN__DUPLICATE_METHOD_MATCH = YES;
				COPY_PHASE_STRIP = NO;
				DEBUG_INFORMATION_FORMAT = "dwarf-with-dsym";
				ENABLE_NS_ASSERTIONS = NO;
				ENABLE_STRICT_OBJC_MSGSEND = YES;
				ENABLE_USER_SCRIPT_SANDBOXING = YES;
				GCC_C_LANGUAGE_STANDARD = gnu17;
				GCC_NO_COMMON_BLOCKS = YES;
				GCC_WARN_64_TO_32_BIT_CONVERSION = YES;
				GCC_WARN_ABOUT_RETURN_TYPE = YES_ERROR;
				GCC_WARN_UNDECLARED_SELECTOR = YES;
				GCC_WARN_UNINITIALIZED_AUTOS = YES_AGGRESSIVE;
				GCC_WARN_UNUSED_FUNCTION = YES;
				GCC_WARN_UNUSED_VARIABLE = YES;
				IPHONEOS_DEPLOYMENT_TARGET = 17.0;
				LOCALIZATION_PREFERS_STRING_CATALOGS = YES;
				MTL_ENABLE_DEBUG_INFO = NO;
				MTL_FAST_MATH = YES;
				SDKROOT = iphoneos;
				SWIFT_COMPILATION_MODE = wholemodule;
				VALIDATE_PRODUCT = YES;
			};
			name = Release;
		};
		C153D5242B27693200E1A923 /* Debug */ = {
			isa = XCBuildConfiguration;
			buildSettings = {
				ASSETCATALOG_COMPILER_APPICON_NAME = AppIcon;
				ASSETCATALOG_COMPILER_GLOBAL_ACCENT_COLOR_NAME = AccentColor;
				CODE_SIGN_STYLE = Automatic;
				CURRENT_PROJECT_VERSION = 1;
				DEVELOPMENT_TEAM = 8BJR3CMJ9W;
				GENERATE_INFOPLIST_FILE = YES;
				INFOPLIST_FILE = "Tab Bar Example/Info.plist";
				INFOPLIST_KEY_UIApplicationSupportsIndirectInputEvents = YES;
				INFOPLIST_KEY_UILaunchStoryboardName = LaunchScreen;
				INFOPLIST_KEY_UIMainStoryboardFile = Main;
				INFOPLIST_KEY_UISupportedInterfaceOrientations_iPad = "UIInterfaceOrientationPortrait UIInterfaceOrientationPortraitUpsideDown UIInterfaceOrientationLandscapeLeft UIInterfaceOrientationLandscapeRight";
				INFOPLIST_KEY_UISupportedInterfaceOrientations_iPhone = "UIInterfaceOrientationPortrait UIInterfaceOrientationLandscapeLeft UIInterfaceOrientationLandscapeRight";
				LD_RUNPATH_SEARCH_PATHS = (
					"$(inherited)",
					"@executable_path/Frameworks",
				);
				MARKETING_VERSION = 1.0;
				PRODUCT_BUNDLE_IDENTIFIER = "com.example.Tab-Bar-Example";
				PRODUCT_NAME = "$(TARGET_NAME)";
				SWIFT_EMIT_LOC_STRINGS = YES;
				SWIFT_VERSION = 5.0;
				TARGETED_DEVICE_FAMILY = "1,2";
			};
			name = Debug;
		};
		C153D5252B27693200E1A923 /* Release */ = {
			isa = XCBuildConfiguration;
			buildSettings = {
				ASSETCATALOG_COMPILER_APPICON_NAME = AppIcon;
				ASSETCATALOG_COMPILER_GLOBAL_ACCENT_COLOR_NAME = AccentColor;
				CODE_SIGN_STYLE = Automatic;
				CURRENT_PROJECT_VERSION = 1;
				DEVELOPMENT_TEAM = 8BJR3CMJ9W;
				GENERATE_INFOPLIST_FILE = YES;
				INFOPLIST_FILE = "Tab Bar Example/Info.plist";
				INFOPLIST_KEY_UIApplicationSupportsIndirectInputEvents = YES;
				INFOPLIST_KEY_UILaunchStoryboardName = LaunchScreen;
				INFOPLIST_KEY_UIMainStoryboardFile = Main;
				INFOPLIST_KEY_UISupportedInterfaceOrientations_iPad = "UIInterfaceOrientationPortrait UIInterfaceOrientationPortraitUpsideDown UIInterfaceOrientationLandscapeLeft UIInterfaceOrientationLandscapeRight";
				INFOPLIST_KEY_UISupportedInterfaceOrientations_iPhone = "UIInterfaceOrientationPortrait UIInterfaceOrientationLandscapeLeft UIInterfaceOrientationLandscapeRight";
				LD_RUNPATH_SEARCH_PATHS = (
					"$(inherited)",
					"@executable_path/Frameworks",
				);
				MARKETING_VERSION = 1.0;
				PRODUCT_BUNDLE_IDENTIFIER = "com.example.Tab-Bar-Example";
				PRODUCT_NAME = "$(TARGET_NAME)";
				SWIFT_EMIT_LOC_STRINGS = YES;
				SWIFT_VERSION = 5.0;
				TARGETED_DEVICE_FAMILY = "1,2";
			};
			name = Release;
		};
/* End XCBuildConfiguration section */

/* Begin XCConfigurationList section */
		C153D50A2B27693100E1A923 /* Build configuration list for PBXProject "Tab Bar Example" */ = {
			isa = XCConfigurationList;
			buildConfigurations = (
				C153D5212B27693200E1A923 /* Debug */,
				C153D5222B27693200E1A923 /* Release */,
			);
			defaultConfigurationIsVisible = 0;
			defaultConfigurationName = Release;
		};
		C153D5232B27693200E1A923 /* Build configuration list for PBXNativeTarget "Tab Bar Example" */ = {
			isa = XCConfigurationList;
			buildConfigurations = (
				C153D5242B27693200E1A923 /* Debug */,
				C153D5252B27693200E1A923 /* Release */,
			);
			defaultConfigurationIsVisible = 0;
			defaultConfigurationName = Release;
		};
/* End XCConfigurationList section */
	};
	rootObject = C153D5072B27693100E1A923 /* Project object */;
}
